
Microsoft Visual Studio Solution File, Format Version 12.00
# Visual Studio 14
VisualStudioVersion = 14.0.25420.1
MinimumVisualStudioVersion = 10.0.40219.1
Project("{FAE04EC0-301F-11D3-BF4B-00C04F79EFBC}") = "AccompanyMe.Mobile.Droid", "AccompanyMe.Mobile\AccompanyMe.Mobile.Android\AccompanyMe.Mobile.Droid.csproj", "{5930C2C2-A46C-4C07-B83A-CCBEC9CCE6C4}"
EndProject
Project("{FAE04EC0-301F-11D3-BF4B-00C04F79EFBC}") = "AccompanyMe.Mobile", "AccompanyMe.Mobile\AccompanyMe.Mobile\AccompanyMe.Mobile.csproj", "{F69AB4B9-CF3F-4B28-AFB7-EBC757B7AFF5}"
EndProject
Project("{FAE04EC0-301F-11D3-BF4B-00C04F79EFBC}") = "AccompanyMe.Mobile.iOS", "AccompanyMe.Mobile\AccompanyMe.Mobile.iOS\AccompanyMe.Mobile.iOS.csproj", "{D766D26F-D384-4EC4-B80F-EEDD0396BEBC}"
EndProject
Project("{FAE04EC0-301F-11D3-BF4B-00C04F79EFBC}") = "AccompanyMe.Azure.Backend", "..\..\..\..\..\Volumes\WININSTALL\AccompanyMe.Azure.Backend\AccompanyMe.Azure.Backend.csproj", "{C2A01177-B703-4A80-ACD5-B66B9715C5E4}"
EndProject
Global
	GlobalSection(SolutionConfigurationPlatforms) = preSolution
		Ad-Hoc|Any CPU = Ad-Hoc|Any CPU
		Ad-Hoc|iPhone = Ad-Hoc|iPhone
		Ad-Hoc|iPhoneSimulator = Ad-Hoc|iPhoneSimulator
		AppStore|Any CPU = AppStore|Any CPU
		AppStore|iPhone = AppStore|iPhone
		AppStore|iPhoneSimulator = AppStore|iPhoneSimulator
		Debug|Any CPU = Debug|Any CPU
		Debug|iPhone = Debug|iPhone
		Debug|iPhoneSimulator = Debug|iPhoneSimulator
		Release|Any CPU = Release|Any CPU
		Release|iPhone = Release|iPhone
		Release|iPhoneSimulator = Release|iPhoneSimulator
	EndGlobalSection
	GlobalSection(ProjectConfigurationPlatforms) = postSolution
		{5930C2C2-A46C-4C07-B83A-CCBEC9CCE6C4}.Ad-Hoc|Any CPU.ActiveCfg = Release|Any CPU
		{5930C2C2-A46C-4C07-B83A-CCBEC9CCE6C4}.Ad-Hoc|Any CPU.Build.0 = Release|Any CPU
		{5930C2C2-A46C-4C07-B83A-CCBEC9CCE6C4}.Ad-Hoc|Any CPU.Deploy.0 = Release|Any CPU
		{5930C2C2-A46C-4C07-B83A-CCBEC9CCE6C4}.Ad-Hoc|iPhone.ActiveCfg = Release|Any CPU
		{5930C2C2-A46C-4C07-B83A-CCBEC9CCE6C4}.Ad-Hoc|iPhone.Build.0 = Release|Any CPU
		{5930C2C2-A46C-4C07-B83A-CCBEC9CCE6C4}.Ad-Hoc|iPhone.Deploy.0 = Release|Any CPU
		{5930C2C2-A46C-4C07-B83A-CCBEC9CCE6C4}.Ad-Hoc|iPhoneSimulator.ActiveCfg = Release|Any CPU
		{5930C2C2-A46C-4C07-B83A-CCBEC9CCE6C4}.Ad-Hoc|iPhoneSimulator.Build.0 = Release|Any CPU
		{5930C2C2-A46C-4C07-B83A-CCBEC9CCE6C4}.Ad-Hoc|iPhoneSimulator.Deploy.0 = Release|Any CPU
		{5930C2C2-A46C-4C07-B83A-CCBEC9CCE6C4}.AppStore|Any CPU.ActiveCfg = Release|Any CPU
		{5930C2C2-A46C-4C07-B83A-CCBEC9CCE6C4}.AppStore|Any CPU.Build.0 = Release|Any CPU
		{5930C2C2-A46C-4C07-B83A-CCBEC9CCE6C4}.AppStore|Any CPU.Deploy.0 = Release|Any CPU
		{5930C2C2-A46C-4C07-B83A-CCBEC9CCE6C4}.AppStore|iPhone.ActiveCfg = Release|Any CPU
		{5930C2C2-A46C-4C07-B83A-CCBEC9CCE6C4}.AppStore|iPhone.Build.0 = Release|Any CPU
		{5930C2C2-A46C-4C07-B83A-CCBEC9CCE6C4}.AppStore|iPhone.Deploy.0 = Release|Any CPU
		{5930C2C2-A46C-4C07-B83A-CCBEC9CCE6C4}.AppStore|iPhoneSimulator.ActiveCfg = Release|Any CPU
		{5930C2C2-A46C-4C07-B83A-CCBEC9CCE6C4}.AppStore|iPhoneSimulator.Build.0 = Release|Any CPU
		{5930C2C2-A46C-4C07-B83A-CCBEC9CCE6C4}.AppStore|iPhoneSimulator.Deploy.0 = Release|Any CPU
		{5930C2C2-A46C-4C07-B83A-CCBEC9CCE6C4}.Debug|Any CPU.ActiveCfg = Debug|Any CPU
		{5930C2C2-A46C-4C07-B83A-CCBEC9CCE6C4}.Debug|Any CPU.Build.0 = Debug|Any CPU
		{5930C2C2-A46C-4C07-B83A-CCBEC9CCE6C4}.Debug|Any CPU.Deploy.0 = Debug|Any CPU
		{5930C2C2-A46C-4C07-B83A-CCBEC9CCE6C4}.Debug|iPhone.ActiveCfg = Debug|Any CPU
		{5930C2C2-A46C-4C07-B83A-CCBEC9CCE6C4}.Debug|iPhone.Build.0 = Debug|Any CPU
		{5930C2C2-A46C-4C07-B83A-CCBEC9CCE6C4}.Debug|iPhone.Deploy.0 = Debug|Any CPU
		{5930C2C2-A46C-4C07-B83A-CCBEC9CCE6C4}.Debug|iPhoneSimulator.ActiveCfg = Debug|Any CPU
		{5930C2C2-A46C-4C07-B83A-CCBEC9CCE6C4}.Debug|iPhoneSimulator.Build.0 = Debug|Any CPU
		{5930C2C2-A46C-4C07-B83A-CCBEC9CCE6C4}.Debug|iPhoneSimulator.Deploy.0 = Debug|Any CPU
		{5930C2C2-A46C-4C07-B83A-CCBEC9CCE6C4}.Release|Any CPU.ActiveCfg = Release|Any CPU
		{5930C2C2-A46C-4C07-B83A-CCBEC9CCE6C4}.Release|Any CPU.Build.0 = Release|Any CPU
		{5930C2C2-A46C-4C07-B83A-CCBEC9CCE6C4}.Release|Any CPU.Deploy.0 = Release|Any CPU
		{5930C2C2-A46C-4C07-B83A-CCBEC9CCE6C4}.Release|iPhone.ActiveCfg = Release|Any CPU
		{5930C2C2-A46C-4C07-B83A-CCBEC9CCE6C4}.Release|iPhone.Build.0 = Release|Any CPU
		{5930C2C2-A46C-4C07-B83A-CCBEC9CCE6C4}.Release|iPhone.Deploy.0 = Release|Any CPU
		{5930C2C2-A46C-4C07-B83A-CCBEC9CCE6C4}.Release|iPhoneSimulator.ActiveCfg = Release|Any CPU
		{5930C2C2-A46C-4C07-B83A-CCBEC9CCE6C4}.Release|iPhoneSimulator.Build.0 = Release|Any CPU
		{5930C2C2-A46C-4C07-B83A-CCBEC9CCE6C4}.Release|iPhoneSimulator.Deploy.0 = Release|Any CPU
		{F69AB4B9-CF3F-4B28-AFB7-EBC757B7AFF5}.Ad-Hoc|Any CPU.ActiveCfg = Release|Any CPU
		{F69AB4B9-CF3F-4B28-AFB7-EBC757B7AFF5}.Ad-Hoc|Any CPU.Build.0 = Release|Any CPU
		{F69AB4B9-CF3F-4B28-AFB7-EBC757B7AFF5}.Ad-Hoc|iPhone.ActiveCfg = Release|Any CPU
		{F69AB4B9-CF3F-4B28-AFB7-EBC757B7AFF5}.Ad-Hoc|iPhone.Build.0 = Release|Any CPU
		{F69AB4B9-CF3F-4B28-AFB7-EBC757B7AFF5}.Ad-Hoc|iPhoneSimulator.ActiveCfg = Release|Any CPU
		{F69AB4B9-CF3F-4B28-AFB7-EBC757B7AFF5}.Ad-Hoc|iPhoneSimulator.Build.0 = Release|Any CPU
		{F69AB4B9-CF3F-4B28-AFB7-EBC757B7AFF5}.AppStore|Any CPU.ActiveCfg = Release|Any CPU
		{F69AB4B9-CF3F-4B28-AFB7-EBC757B7AFF5}.AppStore|Any CPU.Build.0 = Release|Any CPU
		{F69AB4B9-CF3F-4B28-AFB7-EBC757B7AFF5}.AppStore|iPhone.ActiveCfg = Release|Any CPU
		{F69AB4B9-CF3F-4B28-AFB7-EBC757B7AFF5}.AppStore|iPhone.Build.0 = Release|Any CPU
		{F69AB4B9-CF3F-4B28-AFB7-EBC757B7AFF5}.AppStore|iPhoneSimulator.ActiveCfg = Release|Any CPU
		{F69AB4B9-CF3F-4B28-AFB7-EBC757B7AFF5}.AppStore|iPhoneSimulator.Build.0 = Release|Any CPU
		{F69AB4B9-CF3F-4B28-AFB7-EBC757B7AFF5}.Debug|Any CPU.ActiveCfg = Debug|Any CPU
		{F69AB4B9-CF3F-4B28-AFB7-EBC757B7AFF5}.Debug|Any CPU.Build.0 = Debug|Any CPU
		{F69AB4B9-CF3F-4B28-AFB7-EBC757B7AFF5}.Debug|iPhone.ActiveCfg = Debug|Any CPU
		{F69AB4B9-CF3F-4B28-AFB7-EBC757B7AFF5}.Debug|iPhone.Build.0 = Debug|Any CPU
		{F69AB4B9-CF3F-4B28-AFB7-EBC757B7AFF5}.Debug|iPhoneSimulator.ActiveCfg = Debug|Any CPU
		{F69AB4B9-CF3F-4B28-AFB7-EBC757B7AFF5}.Debug|iPhoneSimulator.Build.0 = Debug|Any CPU
		{F69AB4B9-CF3F-4B28-AFB7-EBC757B7AFF5}.Release|Any CPU.ActiveCfg = Release|Any CPU
		{F69AB4B9-CF3F-4B28-AFB7-EBC757B7AFF5}.Release|Any CPU.Build.0 = Release|Any CPU
		{F69AB4B9-CF3F-4B28-AFB7-EBC757B7AFF5}.Release|iPhone.ActiveCfg = Release|Any CPU
		{F69AB4B9-CF3F-4B28-AFB7-EBC757B7AFF5}.Release|iPhone.Build.0 = Release|Any CPU
		{F69AB4B9-CF3F-4B28-AFB7-EBC757B7AFF5}.Release|iPhoneSimulator.ActiveCfg = Release|Any CPU
		{F69AB4B9-CF3F-4B28-AFB7-EBC757B7AFF5}.Release|iPhoneSimulator.Build.0 = Release|Any CPU
		{D766D26F-D384-4EC4-B80F-EEDD0396BEBC}.Ad-Hoc|Any CPU.ActiveCfg = Ad-Hoc|iPhone
		{D766D26F-D384-4EC4-B80F-EEDD0396BEBC}.Ad-Hoc|iPhone.ActiveCfg = Ad-Hoc|iPhone
		{D766D26F-D384-4EC4-B80F-EEDD0396BEBC}.Ad-Hoc|iPhone.Build.0 = Ad-Hoc|iPhone
		{D766D26F-D384-4EC4-B80F-EEDD0396BEBC}.Ad-Hoc|iPhoneSimulator.ActiveCfg = Ad-Hoc|iPhoneSimulator
		{D766D26F-D384-4EC4-B80F-EEDD0396BEBC}.Ad-Hoc|iPhoneSimulator.Build.0 = Ad-Hoc|iPhoneSimulator
		{D766D26F-D384-4EC4-B80F-EEDD0396BEBC}.AppStore|Any CPU.ActiveCfg = AppStore|iPhone
		{D766D26F-D384-4EC4-B80F-EEDD0396BEBC}.AppStore|iPhone.ActiveCfg = AppStore|iPhone
		{D766D26F-D384-4EC4-B80F-EEDD0396BEBC}.AppStore|iPhone.Build.0 = AppStore|iPhone
		{D766D26F-D384-4EC4-B80F-EEDD0396BEBC}.AppStore|iPhoneSimulator.ActiveCfg = AppStore|iPhoneSimulator
		{D766D26F-D384-4EC4-B80F-EEDD0396BEBC}.AppStore|iPhoneSimulator.Build.0 = AppStore|iPhoneSimulator
		{D766D26F-D384-4EC4-B80F-EEDD0396BEBC}.Debug|Any CPU.ActiveCfg = Debug|iPhone
		{D766D26F-D384-4EC4-B80F-EEDD0396BEBC}.Debug|iPhone.ActiveCfg = Debug|iPhone
		{D766D26F-D384-4EC4-B80F-EEDD0396BEBC}.Debug|iPhone.Build.0 = Debug|iPhone
		{D766D26F-D384-4EC4-B80F-EEDD0396BEBC}.Debug|iPhoneSimulator.ActiveCfg = Debug|iPhoneSimulator
		{D766D26F-D384-4EC4-B80F-EEDD0396BEBC}.Debug|iPhoneSimulator.Build.0 = Debug|iPhoneSimulator
		{D766D26F-D384-4EC4-B80F-EEDD0396BEBC}.Release|Any CPU.ActiveCfg = Release|iPhone
		{D766D26F-D384-4EC4-B80F-EEDD0396BEBC}.Release|iPhone.ActiveCfg = Release|iPhone
		{D766D26F-D384-4EC4-B80F-EEDD0396BEBC}.Release|iPhone.Build.0 = Release|iPhone
		{D766D26F-D384-4EC4-B80F-EEDD0396BEBC}.Release|iPhoneSimulator.ActiveCfg = Release|iPhoneSimulator
		{D766D26F-D384-4EC4-B80F-EEDD0396BEBC}.Release|iPhoneSimulator.Build.0 = Release|iPhoneSimulator
		{C2A01177-B703-4A80-ACD5-B66B9715C5E4}.Ad-Hoc|Any CPU.ActiveCfg = Release|Any CPU
		{C2A01177-B703-4A80-ACD5-B66B9715C5E4}.Ad-Hoc|Any CPU.Build.0 = Release|Any CPU
		{C2A01177-B703-4A80-ACD5-B66B9715C5E4}.Ad-Hoc|iPhone.ActiveCfg = Release|Any CPU
		{C2A01177-B703-4A80-ACD5-B66B9715C5E4}.Ad-Hoc|iPhone.Build.0 = Release|Any CPU
		{C2A01177-B703-4A80-ACD5-B66B9715C5E4}.Ad-Hoc|iPhoneSimulator.ActiveCfg = Release|Any CPU
		{C2A01177-B703-4A80-ACD5-B66B9715C5E4}.Ad-Hoc|iPhoneSimulator.Build.0 = Release|Any CPU
		{C2A01177-B703-4A80-ACD5-B66B9715C5E4}.AppStore|Any CPU.ActiveCfg = Release|Any CPU
		{C2A01177-B703-4A80-ACD5-B66B9715C5E4}.AppStore|Any CPU.Build.0 = Release|Any CPU
		{C2A01177-B703-4A80-ACD5-B66B9715C5E4}.AppStore|iPhone.ActiveCfg = Release|Any CPU
		{C2A01177-B703-4A80-ACD5-B66B9715C5E4}.AppStore|iPhone.Build.0 = Release|Any CPU
		{C2A01177-B703-4A80-ACD5-B66B9715C5E4}.AppStore|iPhoneSimulator.ActiveCfg = Release|Any CPU
		{C2A01177-B703-4A80-ACD5-B66B9715C5E4}.AppStore|iPhoneSimulator.Build.0 = Release|Any CPU
		{C2A01177-B703-4A80-ACD5-B66B9715C5E4}.Debug|Any CPU.ActiveCfg = Debug|Any CPU
		{C2A01177-B703-4A80-ACD5-B66B9715C5E4}.Debug|Any CPU.Build.0 = Debug|Any CPU
		{C2A01177-B703-4A80-ACD5-B66B9715C5E4}.Debug|iPhone.ActiveCfg = Debug|Any CPU
		{C2A01177-B703-4A80-ACD5-B66B9715C5E4}.Debug|iPhone.Build.0 = Debug|Any CPU
		{C2A01177-B703-4A80-ACD5-B66B9715C5E4}.Debug|iPhoneSimulator.ActiveCfg = Debug|Any CPU
		{C2A01177-B703-4A80-ACD5-B66B9715C5E4}.Debug|iPhoneSimulator.Build.0 = Debug|Any CPU
		{C2A01177-B703-4A80-ACD5-B66B9715C5E4}.Release|Any CPU.ActiveCfg = Release|Any CPU
		{C2A01177-B703-4A80-ACD5-B66B9715C5E4}.Release|Any CPU.Build.0 = Release|Any CPU
		{C2A01177-B703-4A80-ACD5-B66B9715C5E4}.Release|iPhone.ActiveCfg = Release|Any CPU
		{C2A01177-B703-4A80-ACD5-B66B9715C5E4}.Release|iPhone.Build.0 = Release|Any CPU
		{C2A01177-B703-4A80-ACD5-B66B9715C5E4}.Release|iPhoneSimulator.ActiveCfg = Release|Any CPU
		{C2A01177-B703-4A80-ACD5-B66B9715C5E4}.Release|iPhoneSimulator.Build.0 = Release|Any CPU
	EndGlobalSection
	GlobalSection(SolutionProperties) = preSolution
		HideSolutionNode = FALSE
	EndGlobalSection
EndGlobal
